github.com/davecgh/go-spew v1.1.0/go.mod h1:J7Y8YcW2NihsgmVo/mv3lAwl/skON4iLHjSsI+c5H38=
github.com/davecgh/go-spew v1.1.1/go.mod h1:J7Y8YcW2NihsgmVo/mv3lAwl/skON4iLHjSsI+c5H38=
github.com/eyedeekay/goSam v0.32.54 h1:Uq1F9rePGi5aiHZ8J8ZC0HRpf4hvTUR+PJvmcCBpmWU=
github.com/eyedeekay/goSam v0.32.54/go.mod h1:R+prG/Xans0bG87LhtbbLSx40YiHtJNovhTHL2mEwPE=
github.com/eyedeekay/i2pkeys v0.0.0-20220310055120-b97558c06ac8/go.mod h1:W9KCm9lqZ+Ozwl3dwcgnpPXAML97+I8Jiht7o5A8YBM=
github.com/eyedeekay/i2pkeys v0.33.0 h1:5SzUyWxNjV6AvYv/WaI8J4dSgAfv7/WEps6pDLe2YSs=
github.com/eyedeekay/i2pkeys v0.33.0/go.mod h1:W9KCm9lqZ+Ozwl3dwcgnpPXAML97+I8Jiht7o5A8YBM=
github.com/getlantern/context v0.0.0-20190109183933-c447772a6520/go.mod h1:L+mq6/vvYHKjCX2oez0CgEAJmbq1fbb/oNJIWQkBybY=
github.com/getlantern/errors v1.0.1/go.mod h1:l+xpFBrCtDLpK9qNjxs+cHU6+BAdlBaxHqikB6Lku3A=
github.com/getlantern/fdcount v0.0.0-20210503151800-5decd65b3731/go.mod h1:XZwE+iIlAgr64OFbXKFNCllBwV4wEipPx8Hlo2gZdbM=
github.com/getlantern/go-socks5 v0.0.0-20171114193258-79d4dd3e2db5/go.mod h1:kGHRXch95rnGLHjER/GhhFiHvfnqNz7KqWD9kGfATHY=
github.com/getlantern/golog v0.0.0-20201105130739-9586b8bde3a9/go.mod h1:ZyIjgH/1wTCl+B+7yH1DqrWp6MPJqESmwmEQ89ZfhvA=
github.com/getlantern/hex v0.0.0-20190417191902-c6586a6fe0b7/go.mod h1:dD3CgOrwlzca8ed61CsZouQS5h5jIzkK9ZWrTcf0s+o=
github.com/getlantern/hidden v0.0.0-20190325191715-f02dbb02be55/go.mod h1:6mmzY2kW1TOOrVy+r41Za2MxXM+hhqTtY3oBKd2AgFA=
github.com/getlantern/mockconn v0.0.0-20200818071412-cb30d065a848/go.mod h1:+F5GJ7qGpQ03DBtcOEyQpM30ix4BLswdaojecFtsdy8=
github.com/getlantern/mtime v0.0.0-20200417132445-23682092d1f7/go.mod h1:GfzwugvtH7YcmNIrHHizeyImsgEdyL88YkdnK28B14c=
github.com/getlantern/netx v0.0.0-20190110220209-9912de6f94fd/go.mod h1:wKdY0ikOgzrWSeB9UyBVKPRhjXQ+vTb+BPeJuypUuNE=
github.com/getlantern/ops v0.0.0-20190325191751-d70cb0d6f85f/go.mod h1:D5ao98qkA6pxftxoqzibIBBrLSUli+kYnJqrgBf9cIA=
github.com/getlantern/ops v0.0.0-20200403153110-8476b16edcd6/go.mod h1:D5ao98qkA6pxftxoqzibIBBrLSUli+kYnJqrgBf9cIA=
github.com/go-stack/stack v1.8.0/go.mod h1:v0f6uXyyMGvRgIKkXu+yp6POWl0qKG85gN/melR3HDY=
github.com/oxtoacart/bpool v0.0.0-20190530202638-03653db5a59c/go.mod h1:X07ZCGwUbLaax7L0S3Tw4hpejzu63ZrrQiUe6W0hcy0=
github.com/pmezard/go-difflib v1.0.0/go.mod h1:iKH77koFhYxTK1pcRnkKkqfTogsbg7gZNVY4sRDYZ/4=
github.com/snakesel/libretranslate v0.0.2 h1:6LG/UMMpGtoj3NXvlzsxZgQEH0Qsi62jCDd5Yq5ALL8=
github.com/snakesel/libretranslate v0.0.2/go.mod h1:B8F8Dda8RlkHRMzs/aw8DWj9HfyHSXpaJTFD391hEUI=
github.com/stretchr/objx v0.1.0/go.mod h1:HFkY916IF+rwdDfMAkV7OtwuqBVzrE8GR6GFx+wExME=
github.com/stretchr/testify v1.3.0/go.mod h1:M5WIy9Dh21IEIfnGCwXGc5bZfKNJtfHm1UVUgZn+9EI=
github.com/stretchr/testify v1.5.1/go.mod h1:5W2xD1RspED5o8YsWQXVCued0rvSQ+mT+I5cxcmMvtA=
gopkg.in/check.v1 v0.0.0-20161208181325-20d25e280405/go.mod h1:Co6ibVJAznAaIkqp8huTwlJQCZ016jof/cbN4VW5Yz0=
gopkg.in/yaml.v2 v2.2.2/go.mod h1:hI93XBmqTisBFMUTm0b8Fm+jr3Dg1NNxqwp+5A1VGuI=
